
Microsoft Visual Studio Solution File, Format Version 12.00
# Visual Studio 15
VisualStudioVersion = 15.0.28307.168
MinimumVisualStudioVersion = 10.0.40219.1
Project("{FAE04EC0-301F-11D3-BF4B-00C04F79EFBC}") = "CamUtil", "CamUtil\CamUtil.csproj", "{8F450CA4-1869-4301-B21A-4EBA488AD757}"
EndProject
Project("{FAE04EC0-301F-11D3-BF4B-00C04F79EFBC}") = "HoudenEn_V77Convert", "HoudenEn_V77Convert\HoudenEn_V77Convert.csproj", "{64B92DA2-657B-4E4B-B151-192A69C98371}"
EndProject
Project("{FAE04EC0-301F-11D3-BF4B-00C04F79EFBC}") = "MacroUtil", "MacroUtil\MacroUtil.csproj", "{C41B4F17-9892-426F-9910-AA2284A4F959}"
EndProject
Project("{FAE04EC0-301F-11D3-BF4B-00C04F79EFBC}") = "NcCode", "NcCode\NcCode.csproj", "{2E0DE2E3-29BE-44A5-A5B3-E0094704C209}"
EndProject
Project("{FAE04EC0-301F-11D3-BF4B-00C04F79EFBC}") = "NCSEND2", "NCSEND2\NCSEND2.csproj", "{6ACDE901-99EB-4957-A5DD-EA120AF8760F}"
EndProject
Project("{FAE04EC0-301F-11D3-BF4B-00C04F79EFBC}") = "NcTejun", "NcTejun\NcTejun.csproj", "{FCF30D4C-2312-4ECA-8309-87989069B5C4}"
EndProject
Project("{FAE04EC0-301F-11D3-BF4B-00C04F79EFBC}") = "Rotation", "Rotation\Rotation.csproj", "{D5644FA2-A201-417E-AF5D-C7CAD55F10FE}"
EndProject
Project("{FAE04EC0-301F-11D3-BF4B-00C04F79EFBC}") = "Test", "Test\Test.csproj", "{CBA23D9A-F557-43C9-A6ED-82E778CE0055}"
EndProject
Project("{2150E333-8FDC-42A3-9474-1A3956D46DE8}") = "Solution Items", "Solution Items", "{8B64E6F4-D3D2-4E7F-8E4A-17F55C77B7FD}"
	ProjectSection(SolutionItems) = preProject
		XMLドキュメント コメント.txt = XMLドキュメント コメント.txt
		プログラム説明書.xlsx = プログラム説明書.xlsx
		ルール.txt = ルール.txt
	EndProjectSection
EndProject
Global
	GlobalSection(SolutionConfigurationPlatforms) = preSolution
		Debug|Any CPU = Debug|Any CPU
		Release|Any CPU = Release|Any CPU
	EndGlobalSection
	GlobalSection(ProjectConfigurationPlatforms) = postSolution
		{8F450CA4-1869-4301-B21A-4EBA488AD757}.Debug|Any CPU.ActiveCfg = Debug|Any CPU
		{8F450CA4-1869-4301-B21A-4EBA488AD757}.Debug|Any CPU.Build.0 = Debug|Any CPU
		{8F450CA4-1869-4301-B21A-4EBA488AD757}.Release|Any CPU.ActiveCfg = Release|Any CPU
		{8F450CA4-1869-4301-B21A-4EBA488AD757}.Release|Any CPU.Build.0 = Release|Any CPU
		{64B92DA2-657B-4E4B-B151-192A69C98371}.Debug|Any CPU.ActiveCfg = Debug|Any CPU
		{64B92DA2-657B-4E4B-B151-192A69C98371}.Debug|Any CPU.Build.0 = Debug|Any CPU
		{64B92DA2-657B-4E4B-B151-192A69C98371}.Release|Any CPU.ActiveCfg = Release|Any CPU
		{64B92DA2-657B-4E4B-B151-192A69C98371}.Release|Any CPU.Build.0 = Release|Any CPU
		{C41B4F17-9892-426F-9910-AA2284A4F959}.Debug|Any CPU.ActiveCfg = Debug|Any CPU
		{C41B4F17-9892-426F-9910-AA2284A4F959}.Debug|Any CPU.Build.0 = Debug|Any CPU
		{C41B4F17-9892-426F-9910-AA2284A4F959}.Release|Any CPU.ActiveCfg = Release|Any CPU
		{C41B4F17-9892-426F-9910-AA2284A4F959}.Release|Any CPU.Build.0 = Release|Any CPU
		{2E0DE2E3-29BE-44A5-A5B3-E0094704C209}.Debug|Any CPU.ActiveCfg = Debug|Any CPU
		{2E0DE2E3-29BE-44A5-A5B3-E0094704C209}.Debug|Any CPU.Build.0 = Debug|Any CPU
		{2E0DE2E3-29BE-44A5-A5B3-E0094704C209}.Release|Any CPU.ActiveCfg = Release|Any CPU
		{2E0DE2E3-29BE-44A5-A5B3-E0094704C209}.Release|Any CPU.Build.0 = Release|Any CPU
		{6ACDE901-99EB-4957-A5DD-EA120AF8760F}.Debug|Any CPU.ActiveCfg = Debug|Any CPU
		{6ACDE901-99EB-4957-A5DD-EA120AF8760F}.Debug|Any CPU.Build.0 = Debug|Any CPU
		{6ACDE901-99EB-4957-A5DD-EA120AF8760F}.Release|Any CPU.ActiveCfg = Release|Any CPU
		{6ACDE901-99EB-4957-A5DD-EA120AF8760F}.Release|Any CPU.Build.0 = Release|Any CPU
		{FCF30D4C-2312-4ECA-8309-87989069B5C4}.Debug|Any CPU.ActiveCfg = Debug|Any CPU
		{FCF30D4C-2312-4ECA-8309-87989069B5C4}.Debug|Any CPU.Build.0 = Debug|Any CPU
		{FCF30D4C-2312-4ECA-8309-87989069B5C4}.Release|Any CPU.ActiveCfg = Release|Any CPU
		{FCF30D4C-2312-4ECA-8309-87989069B5C4}.Release|Any CPU.Build.0 = Release|Any CPU
		{D5644FA2-A201-417E-AF5D-C7CAD55F10FE}.Debug|Any CPU.ActiveCfg = Debug|Any CPU
		{D5644FA2-A201-417E-AF5D-C7CAD55F10FE}.Debug|Any CPU.Build.0 = Debug|Any CPU
		{D5644FA2-A201-417E-AF5D-C7CAD55F10FE}.Release|Any CPU.ActiveCfg = Release|Any CPU
		{D5644FA2-A201-417E-AF5D-C7CAD55F10FE}.Release|Any CPU.Build.0 = Release|Any CPU
		{CBA23D9A-F557-43C9-A6ED-82E778CE0055}.Debug|Any CPU.ActiveCfg = Debug|Any CPU
		{CBA23D9A-F557-43C9-A6ED-82E778CE0055}.Debug|Any CPU.Build.0 = Debug|Any CPU
		{CBA23D9A-F557-43C9-A6ED-82E778CE0055}.Release|Any CPU.ActiveCfg = Release|Any CPU
		{CBA23D9A-F557-43C9-A6ED-82E778CE0055}.Release|Any CPU.Build.0 = Release|Any CPU
	EndGlobalSection
	GlobalSection(SolutionProperties) = preSolution
		HideSolutionNode = FALSE
	EndGlobalSection
	GlobalSection(ExtensibilityGlobals) = postSolution
		SolutionGuid = {32C47A8F-85AF-4EF5-9D78-1140904DA54E}
	EndGlobalSection
EndGlobal
